
Microsoft Visual Studio Solution File, Format Version 12.00
# Visual Studio Version 16
VisualStudioVersion = 16.0.30717.126
MinimumVisualStudioVersion = 10.0.40219.1
Project("{9A19103F-16F7-4668-BE54-9A1E7A4F7556}") = "BlazorAPIClient", "BlazorAPIClient.csproj", "{4774986B-3E4C-4F9B-A999-B6E731671B61}"
EndProject
Global
	GlobalSection(SolutionConfigurationPlatforms) = preSolution
		Debug|Any CPU = Debug|Any CPU
		Release|Any CPU = Release|Any CPU
	EndGlobalSection
	GlobalSection(ProjectConfigurationPlatforms) = postSolution
		{4774986B-3E4C-4F9B-A999-B6E731671B61}.Debug|Any CPU.ActiveCfg = Debug|Any CPU
		{4774986B-3E4C-4F9B-A999-B6E731671B61}.Debug|Any CPU.Build.0 = Debug|Any CPU
		{4774986B-3E4C-4F9B-A999-B6E731671B61}.Release|Any CPU.ActiveCfg = Release|Any CPU
		{4774986B-3E4C-4F9B-A999-B6E731671B61}.Release|Any CPU.Build.0 = Release|Any CPU
	EndGlobalSection
	GlobalSection(SolutionProperties) = preSolution
		HideSolutionNode = FALSE
	EndGlobalSection
	GlobalSection(ExtensibilityGlobals) = postSolution
		SolutionGuid = {53A7D20A-DC54-4004-BF7F-9170993E8782}
	EndGlobalSection
EndGlobal
