
Microsoft Visual Studio Solution File, Format Version 12.00
# Visual Studio Version 16
VisualStudioVersion = 16.0.31205.134
MinimumVisualStudioVersion = 10.0.40219.1
Project("{9A19103F-16F7-4668-BE54-9A1E7A4F7556}") = "SmartCollection.Server", "Server\SmartCollection.Server.csproj", "{F9E5AA1F-CAD9-4CB6-B58B-4A81B41F5274}"
EndProject
Project("{9A19103F-16F7-4668-BE54-9A1E7A4F7556}") = "SmartCollection.Client", "Client\SmartCollection.Client.csproj", "{9392C819-405F-4746-B3D0-6DF023EBBF7F}"
EndProject
Project("{9A19103F-16F7-4668-BE54-9A1E7A4F7556}") = "SmartCollection.DataAccess", "SmartCollection.DataAccess\SmartCollection.DataAccess.csproj", "{FBB3B0C9-7C60-4081-AA82-6538F1152D6A}"
EndProject
Project("{9A19103F-16F7-4668-BE54-9A1E7A4F7556}") = "SmartCollection.Models", "SmartCollection.Models\SmartCollection.Models.csproj", "{E8B4DE97-9A9D-4F52-AE50-2098C7E9125F}"
EndProject
Project("{FAE04EC0-301F-11D3-BF4B-00C04F79EFBC}") = "SmartCollection.StorageManager", "SmartCollection.StorageManager\SmartCollection.StorageManager.csproj", "{D274F537-E10E-49FA-914A-5742AD6AA763}"
EndProject
Global
	GlobalSection(SolutionConfigurationPlatforms) = preSolution
		Debug|Any CPU = Debug|Any CPU
		Release|Any CPU = Release|Any CPU
	EndGlobalSection
	GlobalSection(ProjectConfigurationPlatforms) = postSolution
		{F9E5AA1F-CAD9-4CB6-B58B-4A81B41F5274}.Debug|Any CPU.ActiveCfg = Debug|Any CPU
		{F9E5AA1F-CAD9-4CB6-B58B-4A81B41F5274}.Debug|Any CPU.Build.0 = Debug|Any CPU
		{F9E5AA1F-CAD9-4CB6-B58B-4A81B41F5274}.Release|Any CPU.ActiveCfg = Release|Any CPU
		{F9E5AA1F-CAD9-4CB6-B58B-4A81B41F5274}.Release|Any CPU.Build.0 = Release|Any CPU
		{9392C819-405F-4746-B3D0-6DF023EBBF7F}.Debug|Any CPU.ActiveCfg = Debug|Any CPU
		{9392C819-405F-4746-B3D0-6DF023EBBF7F}.Debug|Any CPU.Build.0 = Debug|Any CPU
		{9392C819-405F-4746-B3D0-6DF023EBBF7F}.Release|Any CPU.ActiveCfg = Release|Any CPU
		{9392C819-405F-4746-B3D0-6DF023EBBF7F}.Release|Any CPU.Build.0 = Release|Any CPU
		{FBB3B0C9-7C60-4081-AA82-6538F1152D6A}.Debug|Any CPU.ActiveCfg = Debug|Any CPU
		{FBB3B0C9-7C60-4081-AA82-6538F1152D6A}.Debug|Any CPU.Build.0 = Debug|Any CPU
		{FBB3B0C9-7C60-4081-AA82-6538F1152D6A}.Release|Any CPU.ActiveCfg = Release|Any CPU
		{FBB3B0C9-7C60-4081-AA82-6538F1152D6A}.Release|Any CPU.Build.0 = Release|Any CPU
		{E8B4DE97-9A9D-4F52-AE50-2098C7E9125F}.Debug|Any CPU.ActiveCfg = Debug|Any CPU
		{E8B4DE97-9A9D-4F52-AE50-2098C7E9125F}.Debug|Any CPU.Build.0 = Debug|Any CPU
		{E8B4DE97-9A9D-4F52-AE50-2098C7E9125F}.Release|Any CPU.ActiveCfg = Release|Any CPU
		{E8B4DE97-9A9D-4F52-AE50-2098C7E9125F}.Release|Any CPU.Build.0 = Release|Any CPU
		{D274F537-E10E-49FA-914A-5742AD6AA763}.Debug|Any CPU.ActiveCfg = Debug|Any CPU
		{D274F537-E10E-49FA-914A-5742AD6AA763}.Debug|Any CPU.Build.0 = Debug|Any CPU
		{D274F537-E10E-49FA-914A-5742AD6AA763}.Release|Any CPU.ActiveCfg = Release|Any CPU
		{D274F537-E10E-49FA-914A-5742AD6AA763}.Release|Any CPU.Build.0 = Release|Any CPU
	EndGlobalSection
	GlobalSection(SolutionProperties) = preSolution
		HideSolutionNode = FALSE
	EndGlobalSection
	GlobalSection(ExtensibilityGlobals) = postSolution
		SolutionGuid = {436E8B0C-6C85-41D6-9E60-4A59C48E1FF0}
	EndGlobalSection
EndGlobal
